// !$*UTF8*$!
{
	archiveVersion = 1;
	classes = {
	};
	objectVersion = 46;
	objects = {

/* Begin PBXBuildFile section */
		76DC10381B9FDBEA00C2F88E /* AppDelegate.swift in Sources */ = {isa = PBXBuildFile; fileRef = 76DC10371B9FDBEA00C2F88E /* AppDelegate.swift */; };
		76DC103A1B9FDBEA00C2F88E /* ViewController.swift in Sources */ = {isa = PBXBuildFile; fileRef = 76DC10391B9FDBEA00C2F88E /* ViewController.swift */; };
		76DC103D1B9FDBEA00C2F88E /* Main.storyboard in Resources */ = {isa = PBXBuildFile; fileRef = 76DC103B1B9FDBEA00C2F88E /* Main.storyboard */; };
		76DC103F1B9FDBEA00C2F88E /* Images.xcassets in Resources */ = {isa = PBXBuildFile; fileRef = 76DC103E1B9FDBEA00C2F88E /* Images.xcassets */; };
		76DC10421B9FDBEA00C2F88E /* LaunchScreen.xib in Resources */ = {isa = PBXBuildFile; fileRef = 76DC10401B9FDBEA00C2F88E /* LaunchScreen.xib */; };
		76DC104E1B9FDBEA00C2F88E /* SwiftObjCTests.swift in Sources */ = {isa = PBXBuildFile; fileRef = 76DC104D1B9FDBEA00C2F88E /* SwiftObjCTests.swift */; };
		76DC105A1B9FDC0B00C2F88E /* Car.m in Sources */ = {isa = PBXBuildFile; fileRef = 76DC10591B9FDC0B00C2F88E /* Car.m */; };
/* End PBXBuildFile section */

/* Begin PBXContainerItemProxy section */
		76DC10481B9FDBEA00C2F88E /* PBXContainerItemProxy */ = {
			isa = PBXContainerItemProxy;
			containerPortal = 76DC102A1B9FDBEA00C2F88E /* Project object */;
			proxyType = 1;
			remoteGlobalIDString = 76DC10311B9FDBEA00C2F88E;
			remoteInfo = SwiftObjC;
		};
/* End PBXContainerItemProxy section */

/* Begin PBXFileReference section */
		76DC10321B9FDBEA00C2F88E /* SwiftObjC.app */ = {isa = PBXFileReference; explicitFileType = wrapper.application; includeInIndex = 0; path = SwiftObjC.app; sourceTree = BUILT_PRODUCTS_DIR; };
		76DC10361B9FDBEA00C2F88E /* Info.plist */ = {isa = PBXFileReference; lastKnownFileType = text.plist.xml; path = Info.plist; sourceTree = "<group>"; };
		76DC10371B9FDBEA00C2F88E /* AppDelegate.swift */ = {isa = PBXFileReference; lastKnownFileType = sourcecode.swift; path = AppDelegate.swift; sourceTree = "<group>"; };
		76DC10391B9FDBEA00C2F88E /* ViewController.swift */ = {isa = PBXFileReference; lastKnownFileType = sourcecode.swift; path = ViewController.swift; sourceTree = "<group>"; };
		76DC103C1B9FDBEA00C2F88E /* Base */ = {isa = PBXFileReference; lastKnownFileType = file.storyboard; name = Base; path = Base.lproj/Main.storyboard; sourceTree = "<group>"; };
		76DC103E1B9FDBEA00C2F88E /* Images.xcassets */ = {isa = PBXFileReference; lastKnownFileType = folder.assetcatalog; path = Images.xcassets; sourceTree = "<group>"; };
		76DC10411B9FDBEA00C2F88E /* Base */ = {isa = PBXFileReference; lastKnownFileType = file.xib; name = Base; path = Base.lproj/LaunchScreen.xib; sourceTree = "<group>"; };
		76DC10471B9FDBEA00C2F88E /* SwiftObjCTests.xctest */ = {isa = PBXFileReference; explicitFileType = wrapper.cfbundle; includeInIndex = 0; path = SwiftObjCTests.xctest; sourceTree = BUILT_PRODUCTS_DIR; };
		76DC104C1B9FDBEA00C2F88E /* Info.plist */ = {isa = PBXFileReference; lastKnownFileType = text.plist.xml; path = Info.plist; sourceTree = "<group>"; };
		76DC104D1B9FDBEA00C2F88E /* SwiftObjCTests.swift */ = {isa = PBXFileReference; lastKnownFileType = sourcecode.swift; path = SwiftObjCTests.swift; sourceTree = "<group>"; };
		76DC10571B9FDC0B00C2F88E /* SwiftObjC-Bridging-Header.h */ = {isa = PBXFileReference; lastKnownFileType = sourcecode.c.h; path = "SwiftObjC-Bridging-Header.h"; sourceTree = "<group>"; };
		76DC10581B9FDC0B00C2F88E /* Car.h */ = {isa = PBXFileReference; fileEncoding = 4; lastKnownFileType = sourcecode.c.h; path = Car.h; sourceTree = "<group>"; };
		76DC10591B9FDC0B00C2F88E /* Car.m */ = {isa = PBXFileReference; fileEncoding = 4; lastKnownFileType = sourcecode.c.objc; path = Car.m; sourceTree = "<group>"; };
/* End PBXFileReference section */

/* Begin PBXFrameworksBuildPhase section */
		76DC102F1B9FDBEA00C2F88E /* Frameworks */ = {
			isa = PBXFrameworksBuildPhase;
			buildActionMask = 2147483647;
			files = (
			);
			runOnlyForDeploymentPostprocessing = 0;
		};
		76DC10441B9FDBEA00C2F88E /* Frameworks */ = {
			isa = PBXFrameworksBuildPhase;
			buildActionMask = 2147483647;
			files = (
			);
			runOnlyForDeploymentPostprocessing = 0;
		};
/* End PBXFrameworksBuildPhase section */

/* Begin PBXGroup section */
		76DC10291B9FDBEA00C2F88E = {
			isa = PBXGroup;
			children = (
				76DC10341B9FDBEA00C2F88E /* SwiftObjC */,
				76DC104A1B9FDBEA00C2F88E /* SwiftObjCTests */,
				76DC10331B9FDBEA00C2F88E /* Products */,
			);
			sourceTree = "<group>";
		};
		76DC10331B9FDBEA00C2F88E /* Products */ = {
			isa = PBXGroup;
			children = (
				76DC10321B9FDBEA00C2F88E /* SwiftObjC.app */,
				76DC10471B9FDBEA00C2F88E /* SwiftObjCTests.xctest */,
			);
			name = Products;
			sourceTree = "<group>";
		};
		76DC10341B9FDBEA00C2F88E /* SwiftObjC */ = {
			isa = PBXGroup;
			children = (
				76DC10371B9FDBEA00C2F88E /* AppDelegate.swift */,
				76DC10391B9FDBEA00C2F88E /* ViewController.swift */,
				76DC103B1B9FDBEA00C2F88E /* Main.storyboard */,
				76DC103E1B9FDBEA00C2F88E /* Images.xcassets */,
				76DC10401B9FDBEA00C2F88E /* LaunchScreen.xib */,
				76DC10351B9FDBEA00C2F88E /* Supporting Files */,
				76DC10581B9FDC0B00C2F88E /* Car.h */,
				76DC10591B9FDC0B00C2F88E /* Car.m */,
				76DC10571B9FDC0B00C2F88E /* SwiftObjC-Bridging-Header.h */,
			);
			path = SwiftObjC;
			sourceTree = "<group>";
		};
		76DC10351B9FDBEA00C2F88E /* Supporting Files */ = {
			isa = PBXGroup;
			children = (
				76DC10361B9FDBEA00C2F88E /* Info.plist */,
			);
			name = "Supporting Files";
			sourceTree = "<group>";
		};
		76DC104A1B9FDBEA00C2F88E /* SwiftObjCTests */ = {
			isa = PBXGroup;
			children = (
				76DC104D1B9FDBEA00C2F88E /* SwiftObjCTests.swift */,
				76DC104B1B9FDBEA00C2F88E /* Supporting Files */,
			);
			path = SwiftObjCTests;
			sourceTree = "<group>";
		};
		76DC104B1B9FDBEA00C2F88E /* Supporting Files */ = {
			isa = PBXGroup;
			children = (
				76DC104C1B9FDBEA00C2F88E /* Info.plist */,
			);
			name = "Supporting Files";
			sourceTree = "<group>";
		};
/* End PBXGroup section */

/* Begin PBXNativeTarget section */
		76DC10311B9FDBEA00C2F88E /* SwiftObjC */ = {
			isa = PBXNativeTarget;
			buildConfigurationList = 76DC10511B9FDBEA00C2F88E /* Build configuration list for PBXNativeTarget "SwiftObjC" */;
			buildPhases = (
				76DC102E1B9FDBEA00C2F88E /* Sources */,
				76DC102F1B9FDBEA00C2F88E /* Frameworks */,
				76DC10301B9FDBEA00C2F88E /* Resources */,
			);
			buildRules = (
			);
			dependencies = (
			);
			name = SwiftObjC;
			productName = SwiftObjC;
			productReference = 76DC10321B9FDBEA00C2F88E /* SwiftObjC.app */;
			productType = "com.apple.product-type.application";
		};
		76DC10461B9FDBEA00C2F88E /* SwiftObjCTests */ = {
			isa = PBXNativeTarget;
			buildConfigurationList = 76DC10541B9FDBEA00C2F88E /* Build configuration list for PBXNativeTarget "SwiftObjCTests" */;
			buildPhases = (
				76DC10431B9FDBEA00C2F88E /* Sources */,
				76DC10441B9FDBEA00C2F88E /* Frameworks */,
				76DC10451B9FDBEA00C2F88E /* Resources */,
			);
			buildRules = (
			);
			dependencies = (
				76DC10491B9FDBEA00C2F88E /* PBXTargetDependency */,
			);
			name = SwiftObjCTests;
			productName = SwiftObjCTests;
			productReference = 76DC10471B9FDBEA00C2F88E /* SwiftObjCTests.xctest */;
			productType = "com.apple.product-type.bundle.unit-test";
		};
/* End PBXNativeTarget section */

/* Begin PBXProject section */
		76DC102A1B9FDBEA00C2F88E /* Project object */ = {
			isa = PBXProject;
			attributes = {
				LastUpgradeCheck = 0640;
				ORGANIZATIONNAME = Cyrilshanway;
				TargetAttributes = {
					76DC10311B9FDBEA00C2F88E = {
						CreatedOnToolsVersion = 6.4;
					};
					76DC10461B9FDBEA00C2F88E = {
						CreatedOnToolsVersion = 6.4;
						TestTargetID = 76DC10311B9FDBEA00C2F88E;
					};
				};
			};
			buildConfigurationList = 76DC102D1B9FDBEA00C2F88E /* Build configuration list for PBXProject "SwiftObjC" */;
			compatibilityVersion = "Xcode 3.2";
			developmentRegion = English;
			hasScannedForEncodings = 0;
			knownRegions = (
				en,
				Base,
			);
			mainGroup = 76DC10291B9FDBEA00C2F88E;
			productRefGroup = 76DC10331B9FDBEA00C2F88E /* Products */;
			projectDirPath = "";
			projectRoot = "";
			targets = (
				76DC10311B9FDBEA00C2F88E /* SwiftObjC */,
				76DC10461B9FDBEA00C2F88E /* SwiftObjCTests */,
			);
		};
/* End PBXProject section */

/* Begin PBXResourcesBuildPhase section */
		76DC10301B9FDBEA00C2F88E /* Resources */ = {
			isa = PBXResourcesBuildPhase;
			buildActionMask = 2147483647;
			files = (
				76DC103D1B9FDBEA00C2F88E /* Main.storyboard in Resources */,
				76DC10421B9FDBEA00C2F88E /* LaunchScreen.xib in Resources */,
				76DC103F1B9FDBEA00C2F88E /* Images.xcassets in Resources */,
			);
			runOnlyForDeploymentPostprocessing = 0;
		};
		76DC10451B9FDBEA00C2F88E /* Resources */ = {
			isa = PBXResourcesBuildPhase;
			buildActionMask = 2147483647;
			files = (
			);
			runOnlyForDeploymentPostprocessing = 0;
		};
/* End PBXResourcesBuildPhase section */

/* Begin PBXSourcesBuildPhase section */
		76DC102E1B9FDBEA00C2F88E /* Sources */ = {
			isa = PBXSourcesBuildPhase;
			buildActionMask = 2147483647;
			files = (
				76DC105A1B9FDC0B00C2F88E /* Car.m in Sources */,
				76DC103A1B9FDBEA00C2F88E /* ViewController.swift in Sources */,
				76DC10381B9FDBEA00C2F88E /* AppDelegate.swift in Sources */,
			);
			runOnlyForDeploymentPostprocessing = 0;
		};
		76DC10431B9FDBEA00C2F88E /* Sources */ = {
			isa = PBXSourcesBuildPhase;
			buildActionMask = 2147483647;
			files = (
				76DC104E1B9FDBEA00C2F88E /* SwiftObjCTests.swift in Sources */,
			);
			runOnlyForDeploymentPostprocessing = 0;
		};
/* End PBXSourcesBuildPhase section */

/* Begin PBXTargetDependency section */
		76DC10491B9FDBEA00C2F88E /* PBXTargetDependency */ = {
			isa = PBXTargetDependency;
			target = 76DC10311B9FDBEA00C2F88E /* SwiftObjC */;
			targetProxy = 76DC10481B9FDBEA00C2F88E /* PBXContainerItemProxy */;
		};
/* End PBXTargetDependency section */

/* Begin PBXVariantGroup section */
		76DC103B1B9FDBEA00C2F88E /* Main.storyboard */ = {
			isa = PBXVariantGroup;
			children = (
				76DC103C1B9FDBEA00C2F88E /* Base */,
			);
			name = Main.storyboard;
			sourceTree = "<group>";
		};
		76DC10401B9FDBEA00C2F88E /* LaunchScreen.xib */ = {
			isa = PBXVariantGroup;
			children = (
				76DC10411B9FDBEA00C2F88E /* Base */,
			);
			name = LaunchScreen.xib;
			sourceTree = "<group>";
		};
/* End PBXVariantGroup section */

/* Begin XCBuildConfiguration section */
		76DC104F1B9FDBEA00C2F88E /* Debug */ = {
			isa = XCBuildConfiguration;
			buildSettings = {
				ALWAYS_SEARCH_USER_PATHS = NO;
				CLANG_CXX_LANGUAGE_STANDARD = "gnu++0x";
				CLANG_CXX_LIBRARY = "libc++";
				CLANG_ENABLE_MODULES = YES;
				CLANG_ENABLE_OBJC_ARC = YES;
				CLANG_WARN_BOOL_CONVERSION = YES;
				CLANG_WARN_CONSTANT_CONVERSION = YES;
				CLANG_WARN_DIRECT_OBJC_ISA_USAGE = YES_ERROR;
				CLANG_WARN_EMPTY_BODY = YES;
				CLANG_WARN_ENUM_CONVERSION = YES;
				CLANG_WARN_INT_CONVERSION = YES;
				CLANG_WARN_OBJC_ROOT_CLASS = YES_ERROR;
				CLANG_WARN_UNREACHABLE_CODE = YES;
				CLANG_WARN__DUPLICATE_METHOD_MATCH = YES;
				"CODE_SIGN_IDENTITY[sdk=iphoneos*]" = "iPhone Developer";
				COPY_PHASE_STRIP = NO;
				DEBUG_INFORMATION_FORMAT = "dwarf-with-dsym";
				ENABLE_STRICT_OBJC_MSGSEND = YES;
				GCC_C_LANGUAGE_STANDARD = gnu99;
				GCC_DYNAMIC_NO_PIC = NO;
				GCC_NO_COMMON_BLOCKS = YES;
				GCC_OPTIMIZATION_LEVEL = 0;
				GCC_PREPROCESSOR_DEFINITIONS = (
					"DEBUG=1",
					"$(inherited)",
				);
				GCC_SYMBOLS_PRIVATE_EXTERN = NO;
				GCC_WARN_64_TO_32_BIT_CONVERSION = YES;
				GCC_WARN_ABOUT_RETURN_TYPE = YES_ERROR;
				GCC_WARN_UNDECLARED_SELECTOR = YES;
				GCC_WARN_UNINITIALIZED_AUTOS = YES_AGGRESSIVE;
				GCC_WARN_UNUSED_FUNCTION = YES;
				GCC_WARN_UNUSED_VARIABLE = YES;
				IPHONEOS_DEPLOYMENT_TARGET = 8.4;
				MTL_ENABLE_DEBUG_INFO = YES;
				ONLY_ACTIVE_ARCH = YES;
				SDKROOT = iphoneos;
				SWIFT_OPTIMIZATION_LEVEL = "-Onone";
			};
			name = Debug;
		};
		76DC10501B9FDBEA00C2F88E /* Release */ = {
			isa = XCBuildConfiguration;
			buildSettings = {
				ALWAYS_SEARCH_USER_PATHS = NO;
				CLANG_CXX_LANGUAGE_STANDARD = "gnu++0x";
				CLANG_CXX_LIBRARY = "libc++";
				CLANG_ENABLE_MODULES = YES;
				CLANG_ENABLE_OBJC_ARC = YES;
				CLANG_WARN_BOOL_CONVERSION = YES;
				CLANG_WARN_CONSTANT_CONVERSION = YES;
				CLANG_WARN_DIRECT_OBJC_ISA_USAGE = YES_ERROR;
				CLANG_WARN_EMPTY_BODY = YES;
				CLANG_WARN_ENUM_CONVERSION = YES;
				CLANG_WARN_INT_CONVERSION = YES;
				CLANG_WARN_OBJC_ROOT_CLASS = YES_ERROR;
				CLANG_WARN_UNREACHABLE_CODE = YES;
				CLANG_WARN__DUPLICATE_METHOD_MATCH = YES;
				"CODE_SIGN_IDENTITY[sdk=iphoneos*]" = "iPhone Developer";
				COPY_PHASE_STRIP = NO;
				DEBUG_INFORMATION_FORMAT = "dwarf-with-dsym";
				ENABLE_NS_ASSERTIONS = NO;
				ENABLE_STRICT_OBJC_MSGSEND = YES;
				GCC_C_LANGUAGE_STANDARD = gnu99;
				GCC_NO_COMMON_BLOCKS = YES;
				GCC_WARN_64_TO_32_BIT_CONVERSION = YES;
				GCC_WARN_ABOUT_RETURN_TYPE = YES_ERROR;
				GCC_WARN_UNDECLARED_SELECTOR = YES;
				GCC_WARN_UNINITIALIZED_AUTOS = YES_AGGRESSIVE;
				GCC_WARN_UNUSED_FUNCTION = YES;
				GCC_WARN_UNUSED_VARIABLE = YES;
				IPHONEOS_DEPLOYMENT_TARGET = 8.4;
				MTL_ENABLE_DEBUG_INFO = NO;
				SDKROOT = iphoneos;
				VALIDATE_PRODUCT = YES;
			};
			name = Release;
		};
		76DC10521B9FDBEA00C2F88E /* Debug */ = {
			isa = XCBuildConfiguration;
			buildSettings = {
				ASSETCATALOG_COMPILER_APPICON_NAME = AppIcon;
				CLANG_ENABLE_MODULES = YES;
				INFOPLIST_FILE = SwiftObjC/Info.plist;
				LD_RUNPATH_SEARCH_PATHS = "$(inherited) @executable_path/Frameworks";
				PRODUCT_NAME = "$(TARGET_NAME)";
				SWIFT_OBJC_BRIDGING_HEADER = "SwiftObjC/SwiftObjC-Bridging-Header.h";
				SWIFT_OPTIMIZATION_LEVEL = "-Onone";
			};
			name = Debug;
		};
		76DC10531B9FDBEA00C2F88E /* Release */ = {
			isa = XCBuildConfiguration;
			buildSettings = {
				ASSETCATALOG_COMPILER_APPICON_NAME = AppIcon;
				CLANG_ENABLE_MODULES = YES;
				INFOPLIST_FILE = SwiftObjC/Info.plist;
				LD_RUNPATH_SEARCH_PATHS = "$(inherited) @executable_path/Frameworks";
				PRODUCT_NAME = "$(TARGET_NAME)";
				SWIFT_OBJC_BRIDGING_HEADER = "SwiftObjC/SwiftObjC-Bridging-Header.h";
			};
			name = Release;
		};
		76DC10551B9FDBEA00C2F88E /* Debug */ = {
			isa = XCBuildConfiguration;
			buildSettings = {
				BUNDLE_LOADER = "$(TEST_HOST)";
				FRAMEWORK_SEARCH_PATHS = (
					"$(SDKROOT)/Developer/Library/Frameworks",
					"$(inherited)",
				);
				GCC_PREPROCESSOR_DEFINITIONS = (
					"DEBUG=1",
					"$(inherited)",
				);
				INFOPLIST_FILE = SwiftObjCTests/Info.plist;
				LD_RUNPATH_SEARCH_PATHS = "$(inherited) @executable_path/Frameworks @loader_path/Frameworks";
				PRODUCT_NAME = "$(TARGET_NAME)";
				TEST_HOST = "$(BUILT_PRODUCTS_DIR)/SwiftObjC.app/SwiftObjC";
			};
			name = Debug;
		};
		76DC10561B9FDBEA00C2F88E /* Release */ = {
			isa = XCBuildConfiguration;
			buildSettings = {
				BUNDLE_LOADER = "$(TEST_HOST)";
				FRAMEWORK_SEARCH_PATHS = (
					"$(SDKROOT)/Developer/Library/Frameworks",
					"$(inherited)",
				);
				INFOPLIST_FILE = SwiftObjCTests/Info.plist;
				LD_RUNPATH_SEARCH_PATHS = "$(inherited) @executable_path/Frameworks @loader_path/Frameworks";
				PRODUCT_NAME = "$(TARGET_NAME)";
				TEST_HOST = "$(BUILT_PRODUCTS_DIR)/SwiftObjC.app/SwiftObjC";
			};
			name = Release;
		};
/* End XCBuildConfiguration section */

/* Begin XCConfigurationList section */
		76DC102D1B9FDBEA00C2F88E /* Build configuration list for PBXProject "SwiftObjC" */ = {
			isa = XCConfigurationList;
			buildConfigurations = (
				76DC104F1B9FDBEA00C2F88E /* Debug */,
				76DC10501B9FDBEA00C2F88E /* Release */,
			);
			defaultConfigurationIsVisible = 0;
			defaultConfigurationName = Release;
		};
		76DC10511B9FDBEA00C2F88E /* Build configuration list for PBXNativeTarget "SwiftObjC" */ = {
			isa = XCConfigurationList;
			buildConfigurations = (
				76DC10521B9FDBEA00C2F88E /* Debug */,
				76DC10531B9FDBEA00C2F88E /* Release */,
			);
			defaultConfigurationIsVisible = 0;
		};
		76DC10541B9FDBEA00C2F88E /* Build configuration list for PBXNativeTarget "SwiftObjCTests" */ = {
			isa = XCConfigurationList;
			buildConfigurations = (
				76DC10551B9FDBEA00C2F88E /* Debug */,
				76DC10561B9FDBEA00C2F88E /* Release */,
			);
			defaultConfigurationIsVisible = 0;
		};
/* End XCConfigurationList section */
	};
	rootObject = 76DC102A1B9FDBEA00C2F88E /* Project object */;
}
